config:
  azure:environment: public
  azure:location: WestUS
  factorio-server:factorioLogin:
    secure: AAABAFC3EyIlxvFmLzSZJ3J4i+F86NzKpYD2aJJZsMbA53QxNcwe
  factorio-server:factorioPassword:
    secure: AAABAEnpfH/sjyROTpNxRkGueA4+4zrL/IbE+xa/jGNw5j449mJ2r/8=
  factorio-server:gameAutoPause: "false"
  factorio-server:gameDescription: Oh my, that's a lot of algae...
  factorio-server:gameName: (Experimenting with hosted Factorio. Not a real game,
    sorry.)
  factorio-server:gamePassword: asdf
  factorio-server:gamePublic: "true"
  factorio-server:gameTags: pulumi,seablock
  factorio-server:rconpw: asdf
