config:
  azure:environment: public
  azure:location: WestUS
  factorio-server:factorioLogin:
    secure: AAABAELfjobzAMgd77l19HosuaHEBzZcPgEym1mlYTrD8y2zlzmy+7Zg3pHi1uR1c/A9QJs=
  factorio-server:factorioPassword:
    secure: AAABAEnpfH/sjyROTpNxRkGueA4+4zrL/IbE+xa/jGNw5j449mJ2r/8=
  factorio-server:gamePassword: rockets don't launch themselves
